
Microsoft Visual Studio Solution File, Format Version 12.00
# Visual Studio Version 17
VisualStudioVersion = 17.7.34031.279
MinimumVisualStudioVersion = 10.0.40219.1
Project("{FAE04EC0-301F-11D3-BF4B-00C04F79EFBC}") = "MultiCast Deligates", "MultiCast Deligates\MultiCast Deligates.csproj", "{D84AA47F-D1B2-4055-80B3-7C7D6DE098B6}"
EndProject
Global
	GlobalSection(SolutionConfigurationPlatforms) = preSolution
		Debug|Any CPU = Debug|Any CPU
		Release|Any CPU = Release|Any CPU
	EndGlobalSection
	GlobalSection(ProjectConfigurationPlatforms) = postSolution
		{D84AA47F-D1B2-4055-80B3-7C7D6DE098B6}.Debug|Any CPU.ActiveCfg = Debug|Any CPU
		{D84AA47F-D1B2-4055-80B3-7C7D6DE098B6}.Debug|Any CPU.Build.0 = Debug|Any CPU
		{D84AA47F-D1B2-4055-80B3-7C7D6DE098B6}.Release|Any CPU.ActiveCfg = Release|Any CPU
		{D84AA47F-D1B2-4055-80B3-7C7D6DE098B6}.Release|Any CPU.Build.0 = Release|Any CPU
	EndGlobalSection
	GlobalSection(SolutionProperties) = preSolution
		HideSolutionNode = FALSE
	EndGlobalSection
	GlobalSection(ExtensibilityGlobals) = postSolution
		SolutionGuid = {EDE14224-D8F1-4843-ADFE-052229ECB35C}
	EndGlobalSection
EndGlobal
