
Microsoft Visual Studio Solution File, Format Version 12.00
# Visual Studio Version 17
VisualStudioVersion = 17.7.34031.279
MinimumVisualStudioVersion = 10.0.40219.1
Project("{FAE04EC0-301F-11D3-BF4B-00C04F79EFBC}") = "AbstractSealedClass", "AbstractSealedClass\AbstractSealedClass.csproj", "{A6441CC6-AF5B-464B-BE00-C59E625D8D89}"
EndProject
Global
	GlobalSection(SolutionConfigurationPlatforms) = preSolution
		Debug|Any CPU = Debug|Any CPU
		Release|Any CPU = Release|Any CPU
	EndGlobalSection
	GlobalSection(ProjectConfigurationPlatforms) = postSolution
		{A6441CC6-AF5B-464B-BE00-C59E625D8D89}.Debug|Any CPU.ActiveCfg = Debug|Any CPU
		{A6441CC6-AF5B-464B-BE00-C59E625D8D89}.Debug|Any CPU.Build.0 = Debug|Any CPU
		{A6441CC6-AF5B-464B-BE00-C59E625D8D89}.Release|Any CPU.ActiveCfg = Release|Any CPU
		{A6441CC6-AF5B-464B-BE00-C59E625D8D89}.Release|Any CPU.Build.0 = Release|Any CPU
	EndGlobalSection
	GlobalSection(SolutionProperties) = preSolution
		HideSolutionNode = FALSE
	EndGlobalSection
	GlobalSection(ExtensibilityGlobals) = postSolution
		SolutionGuid = {895A4861-52F6-4EB9-A030-26B806274DA3}
	EndGlobalSection
EndGlobal
