
Microsoft Visual Studio Solution File, Format Version 12.00
# Visual Studio Version 17
VisualStudioVersion = 17.7.34031.279
MinimumVisualStudioVersion = 10.0.40219.1
Project("{FAE04EC0-301F-11D3-BF4B-00C04F79EFBC}") = "AreaOfCircle", "AreaOfCircle\AreaOfCircle.csproj", "{48FF3BD3-EC63-423C-9F10-11C04F9E58A6}"
EndProject
Global
	GlobalSection(SolutionConfigurationPlatforms) = preSolution
		Debug|Any CPU = Debug|Any CPU
		Release|Any CPU = Release|Any CPU
	EndGlobalSection
	GlobalSection(ProjectConfigurationPlatforms) = postSolution
		{48FF3BD3-EC63-423C-9F10-11C04F9E58A6}.Debug|Any CPU.ActiveCfg = Debug|Any CPU
		{48FF3BD3-EC63-423C-9F10-11C04F9E58A6}.Debug|Any CPU.Build.0 = Debug|Any CPU
		{48FF3BD3-EC63-423C-9F10-11C04F9E58A6}.Release|Any CPU.ActiveCfg = Release|Any CPU
		{48FF3BD3-EC63-423C-9F10-11C04F9E58A6}.Release|Any CPU.Build.0 = Release|Any CPU
	EndGlobalSection
	GlobalSection(SolutionProperties) = preSolution
		HideSolutionNode = FALSE
	EndGlobalSection
	GlobalSection(ExtensibilityGlobals) = postSolution
		SolutionGuid = {AAFEEFA7-FC36-4F56-B741-854B9099298A}
	EndGlobalSection
EndGlobal
